lockfileVersion: '9.0'

settings:
  autoInstallPeers: true
  excludeLinksFromLockfile: false

importers:

  .:
    dependencies:
      elkjs:
        specifier: ^0.10.0
        version: 0.10.0

packages:

  elkjs@0.10.0:
    resolution: {integrity: sha512-v/3r+3Bl2NMrWmVoRTMBtHtWvRISTix/s9EfnsfEWApNrsmNjqgqJOispCGg46BPwIFdkag3N/HYSxJczvCm6w==}

snapshots:

  elkjs@0.10.0: {}
